
Microsoft Visual Studio Solution File, Format Version 12.00
# Visual Studio Version 17
VisualStudioVersion = 17.3.32929.385
MinimumVisualStudioVersion = 10.0.40219.1
Project("{FAE04EC0-301F-11D3-BF4B-00C04F79EFBC}") = "Q1", "Q1\Q1.csproj", "{7A5DA664-CE28-4484-9481-A7252E39C5E9}"
EndProject
Project("{FAE04EC0-301F-11D3-BF4B-00C04F79EFBC}") = "Q2", "Q2\Q2.csproj", "{92BB7969-562F-4F0D-84FE-D7A88BFDFFDA}"
EndProject
Global
	GlobalSection(SolutionConfigurationPlatforms) = preSolution
		Debug|Any CPU = Debug|Any CPU
		Release|Any CPU = Release|Any CPU
	EndGlobalSection
	GlobalSection(ProjectConfigurationPlatforms) = postSolution
		{7A5DA664-CE28-4484-9481-A7252E39C5E9}.Debug|Any CPU.ActiveCfg = Debug|Any CPU
		{7A5DA664-CE28-4484-9481-A7252E39C5E9}.Debug|Any CPU.Build.0 = Debug|Any CPU
		{7A5DA664-CE28-4484-9481-A7252E39C5E9}.Release|Any CPU.ActiveCfg = Release|Any CPU
		{7A5DA664-CE28-4484-9481-A7252E39C5E9}.Release|Any CPU.Build.0 = Release|Any CPU
		{92BB7969-562F-4F0D-84FE-D7A88BFDFFDA}.Debug|Any CPU.ActiveCfg = Debug|Any CPU
		{92BB7969-562F-4F0D-84FE-D7A88BFDFFDA}.Debug|Any CPU.Build.0 = Debug|Any CPU
		{92BB7969-562F-4F0D-84FE-D7A88BFDFFDA}.Release|Any CPU.ActiveCfg = Release|Any CPU
		{92BB7969-562F-4F0D-84FE-D7A88BFDFFDA}.Release|Any CPU.Build.0 = Release|Any CPU
	EndGlobalSection
	GlobalSection(SolutionProperties) = preSolution
		HideSolutionNode = FALSE
	EndGlobalSection
	GlobalSection(ExtensibilityGlobals) = postSolution
		SolutionGuid = {238C0722-D767-4FCC-88F8-0CA522BFEB45}
	EndGlobalSection
EndGlobal
